
Microsoft Visual Studio Solution File, Format Version 12.00
# Visual Studio Version 17
VisualStudioVersion = 17.9.34723.18
MinimumVisualStudioVersion = 10.0.40219.1
Project("{FAE04EC0-301F-11D3-BF4B-00C04F79EFBC}") = "MusicServer", "MusicServer\MusicServer.csproj", "{5642B857-A613-40FA-990D-37D30DEBB814}"
EndProject
Global
	GlobalSection(SolutionConfigurationPlatforms) = preSolution
		Debug|Any CPU = Debug|Any CPU
		Release|Any CPU = Release|Any CPU
	EndGlobalSection
	GlobalSection(ProjectConfigurationPlatforms) = postSolution
		{5642B857-A613-40FA-990D-37D30DEBB814}.Debug|Any CPU.ActiveCfg = Debug|Any CPU
		{5642B857-A613-40FA-990D-37D30DEBB814}.Debug|Any CPU.Build.0 = Debug|Any CPU
		{5642B857-A613-40FA-990D-37D30DEBB814}.Release|Any CPU.ActiveCfg = Release|Any CPU
		{5642B857-A613-40FA-990D-37D30DEBB814}.Release|Any CPU.Build.0 = Release|Any CPU
	EndGlobalSection
	GlobalSection(SolutionProperties) = preSolution
		HideSolutionNode = FALSE
	EndGlobalSection
	GlobalSection(ExtensibilityGlobals) = postSolution
		SolutionGuid = {AFFF57B3-A4A1-4A4C-8F1C-C5C4E18FA37C}
	EndGlobalSection
EndGlobal
